// !$*UTF8*$!
{
	archiveVersion = 1;
	classes = {
	};
	objectVersion = 56;
	objects = {

/* Begin PBXBuildFile section */
		C15858872C89A9750009EF8F /* AppDelegate.swift in Sources */ = {isa = PBXBuildFile; fileRef = C15858862C89A9750009EF8F /* AppDelegate.swift */; };
		C15858892C89A9750009EF8F /* SceneDelegate.swift in Sources */ = {isa = PBXBuildFile; fileRef = C15858882C89A9750009EF8F /* SceneDelegate.swift */; };
		C15858912C89A9750009EF8F /* e_commerce_8x8.xcdatamodeld in Sources */ = {isa = PBXBuildFile; fileRef = C158588F2C89A9750009EF8F /* e_commerce_8x8.xcdatamodeld */; };
		C15858932C89A9760009EF8F /* Assets.xcassets in Resources */ = {isa = PBXBuildFile; fileRef = C15858922C89A9760009EF8F /* Assets.xcassets */; };
		C15858962C89A9760009EF8F /* Base in Resources */ = {isa = PBXBuildFile; fileRef = C15858952C89A9760009EF8F /* Base */; };
		C15858A12C89A9770009EF8F /* e_commerce_8x8Tests.swift in Sources */ = {isa = PBXBuildFile; fileRef = C15858A02C89A9770009EF8F /* e_commerce_8x8Tests.swift */; };
		C15858AB2C89A9770009EF8F /* e_commerce_8x8UITests.swift in Sources */ = {isa = PBXBuildFile; fileRef = C15858AA2C89A9770009EF8F /* e_commerce_8x8UITests.swift */; };
		C15858AD2C89A9770009EF8F /* e_commerce_8x8UITestsLaunchTests.swift in Sources */ = {isa = PBXBuildFile; fileRef = C15858AC2C89A9770009EF8F /* e_commerce_8x8UITestsLaunchTests.swift */; };
		C15858BA2C89AA260009EF8F /* RootCoordinator.swift in Sources */ = {isa = PBXBuildFile; fileRef = C15858B92C89AA260009EF8F /* RootCoordinator.swift */; };
		C15858BC2C89B1BB0009EF8F /* ProductsListView.swift in Sources */ = {isa = PBXBuildFile; fileRef = C15858BB2C89B1BB0009EF8F /* ProductsListView.swift */; };
		C15858BE2C89B1D00009EF8F /* ProductDetailsView.swift in Sources */ = {isa = PBXBuildFile; fileRef = C15858BD2C89B1D00009EF8F /* ProductDetailsView.swift */; };
		C15858CA2C89BF7F0009EF8F /* CartView.swift in Sources */ = {isa = PBXBuildFile; fileRef = C15858C92C89BF7F0009EF8F /* CartView.swift */; };
		C15858CD2C89C02A0009EF8F /* API.swift in Sources */ = {isa = PBXBuildFile; fileRef = C15858CC2C89C02A0009EF8F /* API.swift */; };
		C15858CF2C89C0480009EF8F /* ProductsService.swift in Sources */ = {isa = PBXBuildFile; fileRef = C15858CE2C89C0480009EF8F /* ProductsService.swift */; };
		C15858D12C89C05B0009EF8F /* CartService.swift in Sources */ = {isa = PBXBuildFile; fileRef = C15858D02C89C05B0009EF8F /* CartService.swift */; };
		C15858D42C89C0C40009EF8F /* CacheManager.swift in Sources */ = {isa = PBXBuildFile; fileRef = C15858D32C89C0C40009EF8F /* CacheManager.swift */; };
		C15858D82C89C6240009EF8F /* Kingfisher in Frameworks */ = {isa = PBXBuildFile; productRef = C15858D72C89C6240009EF8F /* Kingfisher */; };
		C15858DF2C89CFDE0009EF8F /* Product.swift in Sources */ = {isa = PBXBuildFile; fileRef = C15858DE2C89CFDE0009EF8F /* Product.swift */; };
		C15858E12C89D03E0009EF8F /* ProductListViewModel.swift in Sources */ = {isa = PBXBuildFile; fileRef = C15858E02C89D03E0009EF8F /* ProductListViewModel.swift */; };
		C15858E42C89D50B0009EF8F /* Alamofire in Frameworks */ = {isa = PBXBuildFile; productRef = C15858E32C89D50B0009EF8F /* Alamofire */; };
		C15859412C89DE090009EF8F /* SwiftMessages in Frameworks */ = {isa = PBXBuildFile; productRef = C15859402C89DE090009EF8F /* SwiftMessages */; };
		C15859432C89EEAB0009EF8F /* Constants.swift in Sources */ = {isa = PBXBuildFile; fileRef = C15859422C89EEAB0009EF8F /* Constants.swift */; };
		C15859452C89F6F10009EF8F /* ProductDetailsViewModel.swift in Sources */ = {isa = PBXBuildFile; fileRef = C15859442C89F6F10009EF8F /* ProductDetailsViewModel.swift */; };
		C1CFBDD32C89FA70009691A2 /* ProductRealmObject.swift in Sources */ = {isa = PBXBuildFile; fileRef = C1CFBDD22C89FA70009691A2 /* ProductRealmObject.swift */; };
		C1CFBDD82C89FEE1009691A2 /* RealmSwift in Frameworks */ = {isa = PBXBuildFile; productRef = C1CFBDD72C89FEE1009691A2 /* RealmSwift */; };
/* End PBXBuildFile section */

/* Begin PBXContainerItemProxy section */
		C158589D2C89A9770009EF8F /* PBXContainerItemProxy */ = {
			isa = PBXContainerItemProxy;
			containerPortal = C158587B2C89A9750009EF8F /* Project object */;
			proxyType = 1;
			remoteGlobalIDString = C15858822C89A9750009EF8F;
			remoteInfo = "e-commerce-8x8";
		};
		C15858A72C89A9770009EF8F /* PBXContainerItemProxy */ = {
			isa = PBXContainerItemProxy;
			containerPortal = C158587B2C89A9750009EF8F /* Project object */;
			proxyType = 1;
			remoteGlobalIDString = C15858822C89A9750009EF8F;
			remoteInfo = "e-commerce-8x8";
		};
/* End PBXContainerItemProxy section */

/* Begin PBXFileReference section */
		C15858832C89A9750009EF8F /* e-commerce-8x8.app */ = {isa = PBXFileReference; explicitFileType = wrapper.application; includeInIndex = 0; path = "e-commerce-8x8.app"; sourceTree = BUILT_PRODUCTS_DIR; };
		C15858862C89A9750009EF8F /* AppDelegate.swift */ = {isa = PBXFileReference; lastKnownFileType = sourcecode.swift; path = AppDelegate.swift; sourceTree = "<group>"; };
		C15858882C89A9750009EF8F /* SceneDelegate.swift */ = {isa = PBXFileReference; lastKnownFileType = sourcecode.swift; path = SceneDelegate.swift; sourceTree = "<group>"; };
		C15858902C89A9750009EF8F /* e_commerce_8x8.xcdatamodel */ = {isa = PBXFileReference; lastKnownFileType = wrapper.xcdatamodel; path = e_commerce_8x8.xcdatamodel; sourceTree = "<group>"; };
		C15858922C89A9760009EF8F /* Assets.xcassets */ = {isa = PBXFileReference; lastKnownFileType = folder.assetcatalog; path = Assets.xcassets; sourceTree = "<group>"; };
		C15858952C89A9760009EF8F /* Base */ = {isa = PBXFileReference; lastKnownFileType = file.storyboard; name = Base; path = Base.lproj/LaunchScreen.storyboard; sourceTree = "<group>"; };
		C15858972C89A9760009EF8F /* Info.plist */ = {isa = PBXFileReference; lastKnownFileType = text.plist.xml; path = Info.plist; sourceTree = "<group>"; };
		C158589C2C89A9770009EF8F /* e-commerce-8x8Tests.xctest */ = {isa = PBXFileReference; explicitFileType = wrapper.cfbundle; includeInIndex = 0; path = "e-commerce-8x8Tests.xctest"; sourceTree = BUILT_PRODUCTS_DIR; };
		C15858A02C89A9770009EF8F /* e_commerce_8x8Tests.swift */ = {isa = PBXFileReference; lastKnownFileType = sourcecode.swift; path = e_commerce_8x8Tests.swift; sourceTree = "<group>"; };
		C15858A62C89A9770009EF8F /* e-commerce-8x8UITests.xctest */ = {isa = PBXFileReference; explicitFileType = wrapper.cfbundle; includeInIndex = 0; path = "e-commerce-8x8UITests.xctest"; sourceTree = BUILT_PRODUCTS_DIR; };
		C15858AA2C89A9770009EF8F /* e_commerce_8x8UITests.swift */ = {isa = PBXFileReference; lastKnownFileType = sourcecode.swift; path = e_commerce_8x8UITests.swift; sourceTree = "<group>"; };
		C15858AC2C89A9770009EF8F /* e_commerce_8x8UITestsLaunchTests.swift */ = {isa = PBXFileReference; lastKnownFileType = sourcecode.swift; path = e_commerce_8x8UITestsLaunchTests.swift; sourceTree = "<group>"; };
		C15858B92C89AA260009EF8F /* RootCoordinator.swift */ = {isa = PBXFileReference; lastKnownFileType = sourcecode.swift; path = RootCoordinator.swift; sourceTree = "<group>"; };
		C15858BB2C89B1BB0009EF8F /* ProductsListView.swift */ = {isa = PBXFileReference; lastKnownFileType = sourcecode.swift; path = ProductsListView.swift; sourceTree = "<group>"; };
		C15858BD2C89B1D00009EF8F /* ProductDetailsView.swift */ = {isa = PBXFileReference; lastKnownFileType = sourcecode.swift; path = ProductDetailsView.swift; sourceTree = "<group>"; };
		C15858C92C89BF7F0009EF8F /* CartView.swift */ = {isa = PBXFileReference; lastKnownFileType = sourcecode.swift; path = CartView.swift; sourceTree = "<group>"; };
		C15858CC2C89C02A0009EF8F /* API.swift */ = {isa = PBXFileReference; lastKnownFileType = sourcecode.swift; path = API.swift; sourceTree = "<group>"; };
		C15858CE2C89C0480009EF8F /* ProductsService.swift */ = {isa = PBXFileReference; lastKnownFileType = sourcecode.swift; path = ProductsService.swift; sourceTree = "<group>"; };
		C15858D02C89C05B0009EF8F /* CartService.swift */ = {isa = PBXFileReference; lastKnownFileType = sourcecode.swift; path = CartService.swift; sourceTree = "<group>"; };
		C15858D32C89C0C40009EF8F /* CacheManager.swift */ = {isa = PBXFileReference; lastKnownFileType = sourcecode.swift; path = CacheManager.swift; sourceTree = "<group>"; };
		C15858DE2C89CFDE0009EF8F /* Product.swift */ = {isa = PBXFileReference; lastKnownFileType = sourcecode.swift; path = Product.swift; sourceTree = "<group>"; };
		C15858E02C89D03E0009EF8F /* ProductListViewModel.swift */ = {isa = PBXFileReference; lastKnownFileType = sourcecode.swift; path = ProductListViewModel.swift; sourceTree = "<group>"; };
		C15859422C89EEAB0009EF8F /* Constants.swift */ = {isa = PBXFileReference; lastKnownFileType = sourcecode.swift; path = Constants.swift; sourceTree = "<group>"; };
		C15859442C89F6F10009EF8F /* ProductDetailsViewModel.swift */ = {isa = PBXFileReference; lastKnownFileType = sourcecode.swift; path = ProductDetailsViewModel.swift; sourceTree = "<group>"; };
		C1CFBDD22C89FA70009691A2 /* ProductRealmObject.swift */ = {isa = PBXFileReference; lastKnownFileType = sourcecode.swift; path = ProductRealmObject.swift; sourceTree = "<group>"; };
/* End PBXFileReference section */

/* Begin PBXFrameworksBuildPhase section */
		C15858802C89A9750009EF8F /* Frameworks */ = {
			isa = PBXFrameworksBuildPhase;
			buildActionMask = 2147483647;
			files = (
				C1CFBDD82C89FEE1009691A2 /* RealmSwift in Frameworks */,
				C15858E42C89D50B0009EF8F /* Alamofire in Frameworks */,
				C15858D82C89C6240009EF8F /* Kingfisher in Frameworks */,
				C15859412C89DE090009EF8F /* SwiftMessages in Frameworks */,
			);
			runOnlyForDeploymentPostprocessing = 0;
		};
		C15858992C89A9770009EF8F /* Frameworks */ = {
			isa = PBXFrameworksBuildPhase;
			buildActionMask = 2147483647;
			files = (
			);
			runOnlyForDeploymentPostprocessing = 0;
		};
		C15858A32C89A9770009EF8F /* Frameworks */ = {
			isa = PBXFrameworksBuildPhase;
			buildActionMask = 2147483647;
			files = (
			);
			runOnlyForDeploymentPostprocessing = 0;
		};
/* End PBXFrameworksBuildPhase section */

/* Begin PBXGroup section */
		C158587A2C89A9750009EF8F = {
			isa = PBXGroup;
			children = (
				C15858852C89A9750009EF8F /* e-commerce-8x8 */,
				C158589F2C89A9770009EF8F /* e-commerce-8x8Tests */,
				C15858A92C89A9770009EF8F /* e-commerce-8x8UITests */,
				C15858842C89A9750009EF8F /* Products */,
			);
			sourceTree = "<group>";
		};
		C15858842C89A9750009EF8F /* Products */ = {
			isa = PBXGroup;
			children = (
				C15858832C89A9750009EF8F /* e-commerce-8x8.app */,
				C158589C2C89A9770009EF8F /* e-commerce-8x8Tests.xctest */,
				C15858A62C89A9770009EF8F /* e-commerce-8x8UITests.xctest */,
			);
			name = Products;
			sourceTree = "<group>";
		};
		C15858852C89A9750009EF8F /* e-commerce-8x8 */ = {
			isa = PBXGroup;
			children = (
				C15858862C89A9750009EF8F /* AppDelegate.swift */,
				C15858882C89A9750009EF8F /* SceneDelegate.swift */,
				C15858922C89A9760009EF8F /* Assets.xcassets */,
				C15859422C89EEAB0009EF8F /* Constants.swift */,
				C15858942C89A9760009EF8F /* LaunchScreen.storyboard */,
				C15858972C89A9760009EF8F /* Info.plist */,
				C158588F2C89A9750009EF8F /* e_commerce_8x8.xcdatamodeld */,
				C15858C32C89BEA30009EF8F /* Modules */,
				C15858C82C89BF310009EF8F /* Services */,
			);
			path = "e-commerce-8x8";
			sourceTree = "<group>";
		};
		C158589F2C89A9770009EF8F /* e-commerce-8x8Tests */ = {
			isa = PBXGroup;
			children = (
				C15858A02C89A9770009EF8F /* e_commerce_8x8Tests.swift */,
			);
			path = "e-commerce-8x8Tests";
			sourceTree = "<group>";
		};
		C15858A92C89A9770009EF8F /* e-commerce-8x8UITests */ = {
			isa = PBXGroup;
			children = (
				C15858AA2C89A9770009EF8F /* e_commerce_8x8UITests.swift */,
				C15858AC2C89A9770009EF8F /* e_commerce_8x8UITestsLaunchTests.swift */,
			);
			path = "e-commerce-8x8UITests";
			sourceTree = "<group>";
		};
		C15858C32C89BEA30009EF8F /* Modules */ = {
			isa = PBXGroup;
			children = (
				C15858B92C89AA260009EF8F /* RootCoordinator.swift */,
				C15858C42C89BED40009EF8F /* Main */,
				C15858D92C89CFA30009EF8F /* Core */,
			);
			path = Modules;
			sourceTree = "<group>";
		};
		C15858C42C89BED40009EF8F /* Main */ = {
			isa = PBXGroup;
			children = (
				C15858C62C89BF110009EF8F /* ProductsList */,
				C15858C72C89BF1D0009EF8F /* ProductDetails */,
				C15858C52C89BF030009EF8F /* Cart */,
			);
			path = Main;
			sourceTree = "<group>";
		};
		C15858C52C89BF030009EF8F /* Cart */ = {
			isa = PBXGroup;
			children = (
				C15858C92C89BF7F0009EF8F /* CartView.swift */,
			);
			path = Cart;
			sourceTree = "<group>";
		};
		C15858C62C89BF110009EF8F /* ProductsList */ = {
			isa = PBXGroup;
			children = (
				C15858BB2C89B1BB0009EF8F /* ProductsListView.swift */,
				C15858E02C89D03E0009EF8F /* ProductListViewModel.swift */,
			);
			path = ProductsList;
			sourceTree = "<group>";
		};
		C15858C72C89BF1D0009EF8F /* ProductDetails */ = {
			isa = PBXGroup;
			children = (
				C15858BD2C89B1D00009EF8F /* ProductDetailsView.swift */,
				C15859442C89F6F10009EF8F /* ProductDetailsViewModel.swift */,
			);
			path = ProductDetails;
			sourceTree = "<group>";
		};
		C15858C82C89BF310009EF8F /* Services */ = {
			isa = PBXGroup;
			children = (
				C15858CB2C89BFDE0009EF8F /* API */,
				C15858D22C89C0780009EF8F /* Cache */,
			);
			path = Services;
			sourceTree = "<group>";
		};
		C15858CB2C89BFDE0009EF8F /* API */ = {
			isa = PBXGroup;
			children = (
				C15858CC2C89C02A0009EF8F /* API.swift */,
				C15858CE2C89C0480009EF8F /* ProductsService.swift */,
				C15858D02C89C05B0009EF8F /* CartService.swift */,
			);
			path = API;
			sourceTree = "<group>";
		};
		C15858D22C89C0780009EF8F /* Cache */ = {
			isa = PBXGroup;
			children = (
				C15858D32C89C0C40009EF8F /* CacheManager.swift */,
				C15858D52C89C0D00009EF8F /* CacheOperations */,
				C1CFBDD12C89FA56009691A2 /* RealmModels */,
			);
			path = Cache;
			sourceTree = "<group>";
		};
		C15858D52C89C0D00009EF8F /* CacheOperations */ = {
			isa = PBXGroup;
			children = (
			);
			path = CacheOperations;
			sourceTree = "<group>";
		};
		C15858D92C89CFA30009EF8F /* Core */ = {
			isa = PBXGroup;
			children = (
				C15858DA2C89CFAE0009EF8F /* Model */,
				C15858DB2C89CFB30009EF8F /* ErrorHandling */,
			);
			path = Core;
			sourceTree = "<group>";
		};
		C15858DA2C89CFAE0009EF8F /* Model */ = {
			isa = PBXGroup;
			children = (
				C15858DE2C89CFDE0009EF8F /* Product.swift */,
			);
			path = Model;
			sourceTree = "<group>";
		};
		C15858DB2C89CFB30009EF8F /* ErrorHandling */ = {
			isa = PBXGroup;
			children = (
			);
			path = ErrorHandling;
			sourceTree = "<group>";
		};
		C1CFBDD12C89FA56009691A2 /* RealmModels */ = {
			isa = PBXGroup;
			children = (
				C1CFBDD22C89FA70009691A2 /* ProductRealmObject.swift */,
			);
			path = RealmModels;
			sourceTree = "<group>";
		};
/* End PBXGroup section */

/* Begin PBXNativeTarget section */
		C15858822C89A9750009EF8F /* e-commerce-8x8 */ = {
			isa = PBXNativeTarget;
			buildConfigurationList = C15858B02C89A9770009EF8F /* Build configuration list for PBXNativeTarget "e-commerce-8x8" */;
			buildPhases = (
				C158587F2C89A9750009EF8F /* Sources */,
				C15858802C89A9750009EF8F /* Frameworks */,
				C15858812C89A9750009EF8F /* Resources */,
			);
			buildRules = (
			);
			dependencies = (
			);
			name = "e-commerce-8x8";
			packageProductDependencies = (
				C15858D72C89C6240009EF8F /* Kingfisher */,
				C15858E32C89D50B0009EF8F /* Alamofire */,
				C15859402C89DE090009EF8F /* SwiftMessages */,
				C1CFBDD72C89FEE1009691A2 /* RealmSwift */,
			);
			productName = "e-commerce-8x8";
			productReference = C15858832C89A9750009EF8F /* e-commerce-8x8.app */;
			productType = "com.apple.product-type.application";
		};
		C158589B2C89A9770009EF8F /* e-commerce-8x8Tests */ = {
			isa = PBXNativeTarget;
			buildConfigurationList = C15858B32C89A9770009EF8F /* Build configuration list for PBXNativeTarget "e-commerce-8x8Tests" */;
			buildPhases = (
				C15858982C89A9770009EF8F /* Sources */,
				C15858992C89A9770009EF8F /* Frameworks */,
				C158589A2C89A9770009EF8F /* Resources */,
			);
			buildRules = (
			);
			dependencies = (
				C158589E2C89A9770009EF8F /* PBXTargetDependency */,
			);
			name = "e-commerce-8x8Tests";
			productName = "e-commerce-8x8Tests";
			productReference = C158589C2C89A9770009EF8F /* e-commerce-8x8Tests.xctest */;
			productType = "com.apple.product-type.bundle.unit-test";
		};
		C15858A52C89A9770009EF8F /* e-commerce-8x8UITests */ = {
			isa = PBXNativeTarget;
			buildConfigurationList = C15858B62C89A9770009EF8F /* Build configuration list for PBXNativeTarget "e-commerce-8x8UITests" */;
			buildPhases = (
				C15858A22C89A9770009EF8F /* Sources */,
				C15858A32C89A9770009EF8F /* Frameworks */,
				C15858A42C89A9770009EF8F /* Resources */,
			);
			buildRules = (
			);
			dependencies = (
				C15858A82C89A9770009EF8F /* PBXTargetDependency */,
			);
			name = "e-commerce-8x8UITests";
			productName = "e-commerce-8x8UITests";
			productReference = C15858A62C89A9770009EF8F /* e-commerce-8x8UITests.xctest */;
			productType = "com.apple.product-type.bundle.ui-testing";
		};
/* End PBXNativeTarget section */

/* Begin PBXProject section */
		C158587B2C89A9750009EF8F /* Project object */ = {
			isa = PBXProject;
			attributes = {
				BuildIndependentTargetsInParallel = 1;
				LastSwiftUpdateCheck = 1540;
				LastUpgradeCheck = 1540;
				TargetAttributes = {
					C15858822C89A9750009EF8F = {
						CreatedOnToolsVersion = 15.4;
					};
					C158589B2C89A9770009EF8F = {
						CreatedOnToolsVersion = 15.4;
						TestTargetID = C15858822C89A9750009EF8F;
					};
					C15858A52C89A9770009EF8F = {
						CreatedOnToolsVersion = 15.4;
						TestTargetID = C15858822C89A9750009EF8F;
					};
				};
			};
			buildConfigurationList = C158587E2C89A9750009EF8F /* Build configuration list for PBXProject "e-commerce-8x8" */;
			compatibilityVersion = "Xcode 14.0";
			developmentRegion = en;
			hasScannedForEncodings = 0;
			knownRegions = (
				en,
				Base,
			);
			mainGroup = C158587A2C89A9750009EF8F;
			packageReferences = (
				C15858D62C89C6240009EF8F /* XCRemoteSwiftPackageReference "Kingfisher" */,
				C15858E22C89D50B0009EF8F /* XCRemoteSwiftPackageReference "Alamofire" */,
				C158593F2C89DE090009EF8F /* XCRemoteSwiftPackageReference "SwiftMessages" */,
				C1CFBDD62C89FEE1009691A2 /* XCRemoteSwiftPackageReference "realm-swift" */,
			);
			productRefGroup = C15858842C89A9750009EF8F /* Products */;
			projectDirPath = "";
			projectRoot = "";
			targets = (
				C15858822C89A9750009EF8F /* e-commerce-8x8 */,
				C158589B2C89A9770009EF8F /* e-commerce-8x8Tests */,
				C15858A52C89A9770009EF8F /* e-commerce-8x8UITests */,
			);
		};
/* End PBXProject section */

/* Begin PBXResourcesBuildPhase section */
		C15858812C89A9750009EF8F /* Resources */ = {
			isa = PBXResourcesBuildPhase;
			buildActionMask = 2147483647;
			files = (
				C15858932C89A9760009EF8F /* Assets.xcassets in Resources */,
				C15858962C89A9760009EF8F /* Base in Resources */,
			);
			runOnlyForDeploymentPostprocessing = 0;
		};
		C158589A2C89A9770009EF8F /* Resources */ = {
			isa = PBXResourcesBuildPhase;
			buildActionMask = 2147483647;
			files = (
			);
			runOnlyForDeploymentPostprocessing = 0;
		};
		C15858A42C89A9770009EF8F /* Resources */ = {
			isa = PBXResourcesBuildPhase;
			buildActionMask = 2147483647;
			files = (
			);
			runOnlyForDeploymentPostprocessing = 0;
		};
/* End PBXResourcesBuildPhase section */

/* Begin PBXSourcesBuildPhase section */
		C158587F2C89A9750009EF8F /* Sources */ = {
			isa = PBXSourcesBuildPhase;
			buildActionMask = 2147483647;
			files = (
				C15858BC2C89B1BB0009EF8F /* ProductsListView.swift in Sources */,
				C15859432C89EEAB0009EF8F /* Constants.swift in Sources */,
				C15858CA2C89BF7F0009EF8F /* CartView.swift in Sources */,
				C15858BA2C89AA260009EF8F /* RootCoordinator.swift in Sources */,
				C15858D12C89C05B0009EF8F /* CartService.swift in Sources */,
				C15858912C89A9750009EF8F /* e_commerce_8x8.xcdatamodeld in Sources */,
				C15858DF2C89CFDE0009EF8F /* Product.swift in Sources */,
				C15858872C89A9750009EF8F /* AppDelegate.swift in Sources */,
				C15858E12C89D03E0009EF8F /* ProductListViewModel.swift in Sources */,
				C15858D42C89C0C40009EF8F /* CacheManager.swift in Sources */,
				C15858892C89A9750009EF8F /* SceneDelegate.swift in Sources */,
				C15859452C89F6F10009EF8F /* ProductDetailsViewModel.swift in Sources */,
				C1CFBDD32C89FA70009691A2 /* ProductRealmObject.swift in Sources */,
				C15858CD2C89C02A0009EF8F /* API.swift in Sources */,
				C15858BE2C89B1D00009EF8F /* ProductDetailsView.swift in Sources */,
				C15858CF2C89C0480009EF8F /* ProductsService.swift in Sources */,
			);
			runOnlyForDeploymentPostprocessing = 0;
		};
		C15858982C89A9770009EF8F /* Sources */ = {
			isa = PBXSourcesBuildPhase;
			buildActionMask = 2147483647;
			files = (
				C15858A12C89A9770009EF8F /* e_commerce_8x8Tests.swift in Sources */,
			);
			runOnlyForDeploymentPostprocessing = 0;
		};
		C15858A22C89A9770009EF8F /* Sources */ = {
			isa = PBXSourcesBuildPhase;
			buildActionMask = 2147483647;
			files = (
				C15858AD2C89A9770009EF8F /* e_commerce_8x8UITestsLaunchTests.swift in Sources */,
				C15858AB2C89A9770009EF8F /* e_commerce_8x8UITests.swift in Sources */,
			);
			runOnlyForDeploymentPostprocessing = 0;
		};
/* End PBXSourcesBuildPhase section */

/* Begin PBXTargetDependency section */
		C158589E2C89A9770009EF8F /* PBXTargetDependency */ = {
			isa = PBXTargetDependency;
			target = C15858822C89A9750009EF8F /* e-commerce-8x8 */;
			targetProxy = C158589D2C89A9770009EF8F /* PBXContainerItemProxy */;
		};
		C15858A82C89A9770009EF8F /* PBXTargetDependency */ = {
			isa = PBXTargetDependency;
			target = C15858822C89A9750009EF8F /* e-commerce-8x8 */;
			targetProxy = C15858A72C89A9770009EF8F /* PBXContainerItemProxy */;
		};
/* End PBXTargetDependency section */

/* Begin PBXVariantGroup section */
		C15858942C89A9760009EF8F /* LaunchScreen.storyboard */ = {
			isa = PBXVariantGroup;
			children = (
				C15858952C89A9760009EF8F /* Base */,
			);
			name = LaunchScreen.storyboard;
			sourceTree = "<group>";
		};
/* End PBXVariantGroup section */

/* Begin XCBuildConfiguration section */
		C15858AE2C89A9770009EF8F /* Debug */ = {
			isa = XCBuildConfiguration;
			buildSettings = {
				ALWAYS_SEARCH_USER_PATHS = NO;
				ASSETCATALOG_COMPILER_GENERATE_SWIFT_ASSET_SYMBOL_EXTENSIONS = YES;
				CLANG_ANALYZER_NONNULL = YES;
				CLANG_ANALYZER_NUMBER_OBJECT_CONVERSION = YES_AGGRESSIVE;
				CLANG_CXX_LANGUAGE_STANDARD = "gnu++20";
				CLANG_ENABLE_MODULES = YES;
				CLANG_ENABLE_OBJC_ARC = YES;
				CLANG_ENABLE_OBJC_WEAK = YES;
				CLANG_WARN_BLOCK_CAPTURE_AUTORELEASING = YES;
				CLANG_WARN_BOOL_CONVERSION = YES;
				CLANG_WARN_COMMA = YES;
				CLANG_WARN_CONSTANT_CONVERSION = YES;
				CLANG_WARN_DEPRECATED_OBJC_IMPLEMENTATIONS = YES;
				CLANG_WARN_DIRECT_OBJC_ISA_USAGE = YES_ERROR;
				CLANG_WARN_DOCUMENTATION_COMMENTS = YES;
				CLANG_WARN_EMPTY_BODY = YES;
				CLANG_WARN_ENUM_CONVERSION = YES;
				CLANG_WARN_INFINITE_RECURSION = YES;
				CLANG_WARN_INT_CONVERSION = YES;
				CLANG_WARN_NON_LITERAL_NULL_CONVERSION = YES;
				CLANG_WARN_OBJC_IMPLICIT_RETAIN_SELF = YES;
				CLANG_WARN_OBJC_LITERAL_CONVERSION = YES;
				CLANG_WARN_OBJC_ROOT_CLASS = YES_ERROR;
				CLANG_WARN_QUOTED_INCLUDE_IN_FRAMEWORK_HEADER = YES;
				CLANG_WARN_RANGE_LOOP_ANALYSIS = YES;
				CLANG_WARN_STRICT_PROTOTYPES = YES;
				CLANG_WARN_SUSPICIOUS_MOVE = YES;
				CLANG_WARN_UNGUARDED_AVAILABILITY = YES_AGGRESSIVE;
				CLANG_WARN_UNREACHABLE_CODE = YES;
				CLANG_WARN__DUPLICATE_METHOD_MATCH = YES;
				COPY_PHASE_STRIP = NO;
				DEBUG_INFORMATION_FORMAT = dwarf;
				ENABLE_STRICT_OBJC_MSGSEND = YES;
				ENABLE_TESTABILITY = YES;
				ENABLE_USER_SCRIPT_SANDBOXING = YES;
				GCC_C_LANGUAGE_STANDARD = gnu17;
				GCC_DYNAMIC_NO_PIC = NO;
				GCC_NO_COMMON_BLOCKS = YES;
				GCC_OPTIMIZATION_LEVEL = 0;
				GCC_PREPROCESSOR_DEFINITIONS = (
					"DEBUG=1",
					"$(inherited)",
				);
				GCC_WARN_64_TO_32_BIT_CONVERSION = YES;
				GCC_WARN_ABOUT_RETURN_TYPE = YES_ERROR;
				GCC_WARN_UNDECLARED_SELECTOR = YES;
				GCC_WARN_UNINITIALIZED_AUTOS = YES_AGGRESSIVE;
				GCC_WARN_UNUSED_FUNCTION = YES;
				GCC_WARN_UNUSED_VARIABLE = YES;
				IPHONEOS_DEPLOYMENT_TARGET = 17.5;
				LOCALIZATION_PREFERS_STRING_CATALOGS = YES;
				MTL_ENABLE_DEBUG_INFO = INCLUDE_SOURCE;
				MTL_FAST_MATH = YES;
				ONLY_ACTIVE_ARCH = YES;
				SDKROOT = iphoneos;
				SWIFT_ACTIVE_COMPILATION_CONDITIONS = "DEBUG $(inherited)";
				SWIFT_OPTIMIZATION_LEVEL = "-Onone";
			};
			name = Debug;
		};
		C15858AF2C89A9770009EF8F /* Release */ = {
			isa = XCBuildConfiguration;
			buildSettings = {
				ALWAYS_SEARCH_USER_PATHS = NO;
				ASSETCATALOG_COMPILER_GENERATE_SWIFT_ASSET_SYMBOL_EXTENSIONS = YES;
				CLANG_ANALYZER_NONNULL = YES;
				CLANG_ANALYZER_NUMBER_OBJECT_CONVERSION = YES_AGGRESSIVE;
				CLANG_CXX_LANGUAGE_STANDARD = "gnu++20";
				CLANG_ENABLE_MODULES = YES;
				CLANG_ENABLE_OBJC_ARC = YES;
				CLANG_ENABLE_OBJC_WEAK = YES;
				CLANG_WARN_BLOCK_CAPTURE_AUTORELEASING = YES;
				CLANG_WARN_BOOL_CONVERSION = YES;
				CLANG_WARN_COMMA = YES;
				CLANG_WARN_CONSTANT_CONVERSION = YES;
				CLANG_WARN_DEPRECATED_OBJC_IMPLEMENTATIONS = YES;
				CLANG_WARN_DIRECT_OBJC_ISA_USAGE = YES_ERROR;
				CLANG_WARN_DOCUMENTATION_COMMENTS = YES;
				CLANG_WARN_EMPTY_BODY = YES;
				CLANG_WARN_ENUM_CONVERSION = YES;
				CLANG_WARN_INFINITE_RECURSION = YES;
				CLANG_WARN_INT_CONVERSION = YES;
				CLANG_WARN_NON_LITERAL_NULL_CONVERSION = YES;
				CLANG_WARN_OBJC_IMPLICIT_RETAIN_SELF = YES;
				CLANG_WARN_OBJC_LITERAL_CONVERSION = YES;
				CLANG_WARN_OBJC_ROOT_CLASS = YES_ERROR;
				CLANG_WARN_QUOTED_INCLUDE_IN_FRAMEWORK_HEADER = YES;
				CLANG_WARN_RANGE_LOOP_ANALYSIS = YES;
				CLANG_WARN_STRICT_PROTOTYPES = YES;
				CLANG_WARN_SUSPICIOUS_MOVE = YES;
				CLANG_WARN_UNGUARDED_AVAILABILITY = YES_AGGRESSIVE;
				CLANG_WARN_UNREACHABLE_CODE = YES;
				CLANG_WARN__DUPLICATE_METHOD_MATCH = YES;
				COPY_PHASE_STRIP = NO;
				DEBUG_INFORMATION_FORMAT = "dwarf-with-dsym";
				ENABLE_NS_ASSERTIONS = NO;
				ENABLE_STRICT_OBJC_MSGSEND = YES;
				ENABLE_USER_SCRIPT_SANDBOXING = YES;
				GCC_C_LANGUAGE_STANDARD = gnu17;
				GCC_NO_COMMON_BLOCKS = YES;
				GCC_WARN_64_TO_32_BIT_CONVERSION = YES;
				GCC_WARN_ABOUT_RETURN_TYPE = YES_ERROR;
				GCC_WARN_UNDECLARED_SELECTOR = YES;
				GCC_WARN_UNINITIALIZED_AUTOS = YES_AGGRESSIVE;
				GCC_WARN_UNUSED_FUNCTION = YES;
				GCC_WARN_UNUSED_VARIABLE = YES;
				IPHONEOS_DEPLOYMENT_TARGET = 17.5;
				LOCALIZATION_PREFERS_STRING_CATALOGS = YES;
				MTL_ENABLE_DEBUG_INFO = NO;
				MTL_FAST_MATH = YES;
				SDKROOT = iphoneos;
				SWIFT_COMPILATION_MODE = wholemodule;
				VALIDATE_PRODUCT = YES;
			};
			name = Release;
		};
		C15858B12C89A9770009EF8F /* Debug */ = {
			isa = XCBuildConfiguration;
			buildSettings = {
				ASSETCATALOG_COMPILER_APPICON_NAME = AppIcon;
				ASSETCATALOG_COMPILER_GLOBAL_ACCENT_COLOR_NAME = AccentColor;
				CODE_SIGN_STYLE = Automatic;
				CURRENT_PROJECT_VERSION = 1;
				DEVELOPMENT_TEAM = 8Y3N3JCAFM;
				GENERATE_INFOPLIST_FILE = YES;
				INFOPLIST_FILE = "e-commerce-8x8/Info.plist";
				INFOPLIST_KEY_UIApplicationSupportsIndirectInputEvents = YES;
				INFOPLIST_KEY_UILaunchStoryboardName = LaunchScreen;
				INFOPLIST_KEY_UIMainStoryboardFile = LaunchScreen;
				INFOPLIST_KEY_UISupportedInterfaceOrientations_iPad = "UIInterfaceOrientationPortrait UIInterfaceOrientationPortraitUpsideDown UIInterfaceOrientationLandscapeLeft UIInterfaceOrientationLandscapeRight";
				INFOPLIST_KEY_UISupportedInterfaceOrientations_iPhone = "UIInterfaceOrientationPortrait UIInterfaceOrientationLandscapeLeft UIInterfaceOrientationLandscapeRight";
				LD_RUNPATH_SEARCH_PATHS = (
					"$(inherited)",
					"@executable_path/Frameworks",
				);
				MARKETING_VERSION = 1.0;
				PRODUCT_BUNDLE_IDENTIFIER = "personal.e-commerce-8x8";
				PRODUCT_NAME = "$(TARGET_NAME)";
				SWIFT_EMIT_LOC_STRINGS = YES;
				SWIFT_VERSION = 5.0;
				TARGETED_DEVICE_FAMILY = "1,2";
			};
			name = Debug;
		};
		C15858B22C89A9770009EF8F /* Release */ = {
			isa = XCBuildConfiguration;
			buildSettings = {
				ASSETCATALOG_COMPILER_APPICON_NAME = AppIcon;
				ASSETCATALOG_COMPILER_GLOBAL_ACCENT_COLOR_NAME = AccentColor;
				CODE_SIGN_STYLE = Automatic;
				CURRENT_PROJECT_VERSION = 1;
				DEVELOPMENT_TEAM = 8Y3N3JCAFM;
				GENERATE_INFOPLIST_FILE = YES;
				INFOPLIST_FILE = "e-commerce-8x8/Info.plist";
				INFOPLIST_KEY_UIApplicationSupportsIndirectInputEvents = YES;
				INFOPLIST_KEY_UILaunchStoryboardName = LaunchScreen;
				INFOPLIST_KEY_UIMainStoryboardFile = LaunchScreen;
				INFOPLIST_KEY_UISupportedInterfaceOrientations_iPad = "UIInterfaceOrientationPortrait UIInterfaceOrientationPortraitUpsideDown UIInterfaceOrientationLandscapeLeft UIInterfaceOrientationLandscapeRight";
				INFOPLIST_KEY_UISupportedInterfaceOrientations_iPhone = "UIInterfaceOrientationPortrait UIInterfaceOrientationLandscapeLeft UIInterfaceOrientationLandscapeRight";
				LD_RUNPATH_SEARCH_PATHS = (
					"$(inherited)",
					"@executable_path/Frameworks",
				);
				MARKETING_VERSION = 1.0;
				PRODUCT_BUNDLE_IDENTIFIER = "personal.e-commerce-8x8";
				PRODUCT_NAME = "$(TARGET_NAME)";
				SWIFT_EMIT_LOC_STRINGS = YES;
				SWIFT_VERSION = 5.0;
				TARGETED_DEVICE_FAMILY = "1,2";
			};
			name = Release;
		};
		C15858B42C89A9770009EF8F /* Debug */ = {
			isa = XCBuildConfiguration;
			buildSettings = {
				ALWAYS_EMBED_SWIFT_STANDARD_LIBRARIES = YES;
				BUNDLE_LOADER = "$(TEST_HOST)";
				CODE_SIGN_STYLE = Automatic;
				CURRENT_PROJECT_VERSION = 1;
				DEVELOPMENT_TEAM = 8W5494684R;
				GENERATE_INFOPLIST_FILE = YES;
				IPHONEOS_DEPLOYMENT_TARGET = 17.5;
				MARKETING_VERSION = 1.0;
				PRODUCT_BUNDLE_IDENTIFIER = "personal.e-commerce-8x8Tests";
				PRODUCT_NAME = "$(TARGET_NAME)";
				SWIFT_EMIT_LOC_STRINGS = NO;
				SWIFT_VERSION = 5.0;
				TARGETED_DEVICE_FAMILY = "1,2";
				TEST_HOST = "$(BUILT_PRODUCTS_DIR)/e-commerce-8x8.app/$(BUNDLE_EXECUTABLE_FOLDER_PATH)/e-commerce-8x8";
			};
			name = Debug;
		};
		C15858B52C89A9770009EF8F /* Release */ = {
			isa = XCBuildConfiguration;
			buildSettings = {
				ALWAYS_EMBED_SWIFT_STANDARD_LIBRARIES = YES;
				BUNDLE_LOADER = "$(TEST_HOST)";
				CODE_SIGN_STYLE = Automatic;
				CURRENT_PROJECT_VERSION = 1;
				DEVELOPMENT_TEAM = 8W5494684R;
				GENERATE_INFOPLIST_FILE = YES;
				IPHONEOS_DEPLOYMENT_TARGET = 17.5;
				MARKETING_VERSION = 1.0;
				PRODUCT_BUNDLE_IDENTIFIER = "personal.e-commerce-8x8Tests";
				PRODUCT_NAME = "$(TARGET_NAME)";
				SWIFT_EMIT_LOC_STRINGS = NO;
				SWIFT_VERSION = 5.0;
				TARGETED_DEVICE_FAMILY = "1,2";
				TEST_HOST = "$(BUILT_PRODUCTS_DIR)/e-commerce-8x8.app/$(BUNDLE_EXECUTABLE_FOLDER_PATH)/e-commerce-8x8";
			};
			name = Release;
		};
		C15858B72C89A9770009EF8F /* Debug */ = {
			isa = XCBuildConfiguration;
			buildSettings = {
				ALWAYS_EMBED_SWIFT_STANDARD_LIBRARIES = YES;
				CODE_SIGN_STYLE = Automatic;
				CURRENT_PROJECT_VERSION = 1;
				DEVELOPMENT_TEAM = 8W5494684R;
				GENERATE_INFOPLIST_FILE = YES;
				MARKETING_VERSION = 1.0;
				PRODUCT_BUNDLE_IDENTIFIER = "personal.e-commerce-8x8UITests";
				PRODUCT_NAME = "$(TARGET_NAME)";
				SWIFT_EMIT_LOC_STRINGS = NO;
				SWIFT_VERSION = 5.0;
				TARGETED_DEVICE_FAMILY = "1,2";
				TEST_TARGET_NAME = "e-commerce-8x8";
			};
			name = Debug;
		};
		C15858B82C89A9770009EF8F /* Release */ = {
			isa = XCBuildConfiguration;
			buildSettings = {
				ALWAYS_EMBED_SWIFT_STANDARD_LIBRARIES = YES;
				CODE_SIGN_STYLE = Automatic;
				CURRENT_PROJECT_VERSION = 1;
				DEVELOPMENT_TEAM = 8W5494684R;
				GENERATE_INFOPLIST_FILE = YES;
				MARKETING_VERSION = 1.0;
				PRODUCT_BUNDLE_IDENTIFIER = "personal.e-commerce-8x8UITests";
				PRODUCT_NAME = "$(TARGET_NAME)";
				SWIFT_EMIT_LOC_STRINGS = NO;
				SWIFT_VERSION = 5.0;
				TARGETED_DEVICE_FAMILY = "1,2";
				TEST_TARGET_NAME = "e-commerce-8x8";
			};
			name = Release;
		};
/* End XCBuildConfiguration section */

/* Begin XCConfigurationList section */
		C158587E2C89A9750009EF8F /* Build configuration list for PBXProject "e-commerce-8x8" */ = {
			isa = XCConfigurationList;
			buildConfigurations = (
				C15858AE2C89A9770009EF8F /* Debug */,
				C15858AF2C89A9770009EF8F /* Release */,
			);
			defaultConfigurationIsVisible = 0;
			defaultConfigurationName = Release;
		};
		C15858B02C89A9770009EF8F /* Build configuration list for PBXNativeTarget "e-commerce-8x8" */ = {
			isa = XCConfigurationList;
			buildConfigurations = (
				C15858B12C89A9770009EF8F /* Debug */,
				C15858B22C89A9770009EF8F /* Release */,
			);
			defaultConfigurationIsVisible = 0;
			defaultConfigurationName = Release;
		};
		C15858B32C89A9770009EF8F /* Build configuration list for PBXNativeTarget "e-commerce-8x8Tests" */ = {
			isa = XCConfigurationList;
			buildConfigurations = (
				C15858B42C89A9770009EF8F /* Debug */,
				C15858B52C89A9770009EF8F /* Release */,
			);
			defaultConfigurationIsVisible = 0;
			defaultConfigurationName = Release;
		};
		C15858B62C89A9770009EF8F /* Build configuration list for PBXNativeTarget "e-commerce-8x8UITests" */ = {
			isa = XCConfigurationList;
			buildConfigurations = (
				C15858B72C89A9770009EF8F /* Debug */,
				C15858B82C89A9770009EF8F /* Release */,
			);
			defaultConfigurationIsVisible = 0;
			defaultConfigurationName = Release;
		};
/* End XCConfigurationList section */

/* Begin XCRemoteSwiftPackageReference section */
		C15858D62C89C6240009EF8F /* XCRemoteSwiftPackageReference "Kingfisher" */ = {
			isa = XCRemoteSwiftPackageReference;
			repositoryURL = "https://github.com/onevcat/Kingfisher.git";
			requirement = {
				kind = upToNextMajorVersion;
				minimumVersion = 7.12.0;
			};
		};
		C15858E22C89D50B0009EF8F /* XCRemoteSwiftPackageReference "Alamofire" */ = {
			isa = XCRemoteSwiftPackageReference;
			repositoryURL = "https://github.com/Alamofire/Alamofire.git";
			requirement = {
				kind = upToNextMajorVersion;
				minimumVersion = 5.9.1;
			};
		};
		C158593F2C89DE090009EF8F /* XCRemoteSwiftPackageReference "SwiftMessages" */ = {
			isa = XCRemoteSwiftPackageReference;
			repositoryURL = "https://github.com/SwiftKickMobile/SwiftMessages.git";
			requirement = {
				kind = upToNextMajorVersion;
				minimumVersion = 10.0.0;
			};
		};
		C1CFBDD62C89FEE1009691A2 /* XCRemoteSwiftPackageReference "realm-swift" */ = {
			isa = XCRemoteSwiftPackageReference;
			repositoryURL = "https://github.com/realm/realm-swift.git";
			requirement = {
				branch = master;
				kind = branch;
			};
		};
/* End XCRemoteSwiftPackageReference section */

/* Begin XCSwiftPackageProductDependency section */
		C15858D72C89C6240009EF8F /* Kingfisher */ = {
			isa = XCSwiftPackageProductDependency;
			package = C15858D62C89C6240009EF8F /* XCRemoteSwiftPackageReference "Kingfisher" */;
			productName = Kingfisher;
		};
		C15858E32C89D50B0009EF8F /* Alamofire */ = {
			isa = XCSwiftPackageProductDependency;
			package = C15858E22C89D50B0009EF8F /* XCRemoteSwiftPackageReference "Alamofire" */;
			productName = Alamofire;
		};
		C15859402C89DE090009EF8F /* SwiftMessages */ = {
			isa = XCSwiftPackageProductDependency;
			package = C158593F2C89DE090009EF8F /* XCRemoteSwiftPackageReference "SwiftMessages" */;
			productName = SwiftMessages;
		};
		C1CFBDD72C89FEE1009691A2 /* RealmSwift */ = {
			isa = XCSwiftPackageProductDependency;
			package = C1CFBDD62C89FEE1009691A2 /* XCRemoteSwiftPackageReference "realm-swift" */;
			productName = RealmSwift;
		};
/* End XCSwiftPackageProductDependency section */

/* Begin XCVersionGroup section */
		C158588F2C89A9750009EF8F /* e_commerce_8x8.xcdatamodeld */ = {
			isa = XCVersionGroup;
			children = (
				C15858902C89A9750009EF8F /* e_commerce_8x8.xcdatamodel */,
			);
			currentVersion = C15858902C89A9750009EF8F /* e_commerce_8x8.xcdatamodel */;
			path = e_commerce_8x8.xcdatamodeld;
			sourceTree = "<group>";
			versionGroupType = wrapper.xcdatamodel;
		};
/* End XCVersionGroup section */
	};
	rootObject = C158587B2C89A9750009EF8F /* Project object */;
}
